
Microsoft Visual Studio Solution File, Format Version 12.00
Project("{FAE04EC0-301F-11D3-BF4B-00C04F79EFBC}") = "CringeLazer.Bancho", "CringeLazer.Bancho\CringeLazer.Bancho.csproj", "{A32754A6-6188-4FA3-B500-5B7ED0B8CDE8}"
EndProject
Global
	GlobalSection(SolutionConfigurationPlatforms) = preSolution
		Debug|Any CPU = Debug|Any CPU
		Release|Any CPU = Release|Any CPU
	EndGlobalSection
	GlobalSection(ProjectConfigurationPlatforms) = postSolution
		{A32754A6-6188-4FA3-B500-5B7ED0B8CDE8}.Debug|Any CPU.ActiveCfg = Debug|Any CPU
		{A32754A6-6188-4FA3-B500-5B7ED0B8CDE8}.Debug|Any CPU.Build.0 = Debug|Any CPU
		{A32754A6-6188-4FA3-B500-5B7ED0B8CDE8}.Release|Any CPU.ActiveCfg = Release|Any CPU
		{A32754A6-6188-4FA3-B500-5B7ED0B8CDE8}.Release|Any CPU.Build.0 = Release|Any CPU
	EndGlobalSection
EndGlobal
